
Microsoft Visual Studio Solution File, Format Version 12.00
# Visual Studio Version 17
VisualStudioVersion = 17.11.35222.181
MinimumVisualStudioVersion = 10.0.40219.1
Project("{9A19103F-16F7-4668-BE54-9A1E7A4F7556}") = "TTADotNetCore.ConsoleApp", "TTADotNetCore.ConsoleApp\TTADotNetCore.ConsoleApp.csproj", "{66D92DB0-6A0E-4DC0-804B-B942604E3F5F}"
EndProject
Project("{2150E333-8FDC-42A3-9474-1A3956D46DE8}") = "Documents", "Documents", "{B5E4143B-2549-4C78-BB99-E9A5A1B71138}"
	ProjectSection(SolutionItems) = preProject
		README.md = README.md
	EndProjectSection
EndProject
Project("{9A19103F-16F7-4668-BE54-9A1E7A4F7556}") = "TTADotNetCore.Database", "TTADotNetCore.Database\TTADotNetCore.Database.csproj", "{D0ACA919-9755-4DF2-9C7E-E5C4A571985C}"
EndProject
Project("{9A19103F-16F7-4668-BE54-9A1E7A4F7556}") = "TTADotNetCore.RestApi", "TTADotNetCore.RestApi\TTADotNetCore.RestApi.csproj", "{24F32A7E-8992-43C4-BC8E-B2FF30E035FD}"
EndProject
Project("{9A19103F-16F7-4668-BE54-9A1E7A4F7556}") = "TTADotNetCore.ConsoleApp2", "TTADotNetCore.ConsoleApp2\TTADotNetCore.ConsoleApp2.csproj", "{949252CB-3E83-465D-B6DE-C5CF5EA0A6C2}"
EndProject
Project("{9A19103F-16F7-4668-BE54-9A1E7A4F7556}") = "TTADotNetCore.Shared", "TTADotNetCore.Shared\TTADotNetCore.Shared.csproj", "{4B7A560B-1F51-462C-8A77-22C8886DFA2D}"
EndProject
Project("{9A19103F-16F7-4668-BE54-9A1E7A4F7556}") = "TTDotNetCore.MinimalApi", "TTDotNetCore.MinimalApi\TTDotNetCore.MinimalApi.csproj", "{0867878C-FB84-4BF4-8F48-0B8E56FAC6C6}"
EndProject
Project("{9A19103F-16F7-4668-BE54-9A1E7A4F7556}") = "TTADotNetCore.BirdMinimalApi", "TTADotNetCore.BirdMinimalApi\TTADotNetCore.BirdMinimalApi.csproj", "{F0523973-E1DD-4C8B-8196-390B0F04D83F}"
EndProject
Project("{9A19103F-16F7-4668-BE54-9A1E7A4F7556}") = "TTADotNetCore.Domain", "TTADotNetCore.Domain\TTADotNetCore.Domain.csproj", "{7D9379C4-88E5-457C-8AB4-4D0DD462BD80}"
EndProject
Project("{9A19103F-16F7-4668-BE54-9A1E7A4F7556}") = "TTADotnetCore.KpayApi", "TTADotnetCore.KpayApi\TTADotnetCore.KpayApi.csproj", "{6A6B54E3-EA14-4BE3-AA22-05989B7DCA1C}"
EndProject
Project("{9A19103F-16F7-4668-BE54-9A1E7A4F7556}") = "TTADotNetCore.ConsoleApp3", "TTADotNetCore.ConsoleApp3\TTADotNetCore.ConsoleApp3.csproj", "{8A395D3F-A536-4B26-A112-37160D41207B}"
EndProject
Project("{9A19103F-16F7-4668-BE54-9A1E7A4F7556}") = "TTADotNetCore.RestApi2", "TTADotNetCore.RestApi2\TTADotNetCore.RestApi2.csproj", "{F4D06CD0-1F7F-46FA-9E88-CAA53005B8DF}"
EndProject
Project("{FAE04EC0-301F-11D3-BF4B-00C04F79EFBC}") = "TTADotNetCore.CoreMVCApp", "TTADotNetCore.CoreMVCApp\TTADotNetCore.CoreMVCApp.csproj", "{69480788-3286-43ED-B53A-B4F64B45310F}"
EndProject
Global
	GlobalSection(SolutionConfigurationPlatforms) = preSolution
		Debug|Any CPU = Debug|Any CPU
		Release|Any CPU = Release|Any CPU
	EndGlobalSection
	GlobalSection(ProjectConfigurationPlatforms) = postSolution
		{66D92DB0-6A0E-4DC0-804B-B942604E3F5F}.Debug|Any CPU.ActiveCfg = Debug|Any CPU
		{66D92DB0-6A0E-4DC0-804B-B942604E3F5F}.Debug|Any CPU.Build.0 = Debug|Any CPU
		{66D92DB0-6A0E-4DC0-804B-B942604E3F5F}.Release|Any CPU.ActiveCfg = Release|Any CPU
		{66D92DB0-6A0E-4DC0-804B-B942604E3F5F}.Release|Any CPU.Build.0 = Release|Any CPU
		{D0ACA919-9755-4DF2-9C7E-E5C4A571985C}.Debug|Any CPU.ActiveCfg = Debug|Any CPU
		{D0ACA919-9755-4DF2-9C7E-E5C4A571985C}.Debug|Any CPU.Build.0 = Debug|Any CPU
		{D0ACA919-9755-4DF2-9C7E-E5C4A571985C}.Release|Any CPU.ActiveCfg = Release|Any CPU
		{D0ACA919-9755-4DF2-9C7E-E5C4A571985C}.Release|Any CPU.Build.0 = Release|Any CPU
		{24F32A7E-8992-43C4-BC8E-B2FF30E035FD}.Debug|Any CPU.ActiveCfg = Debug|Any CPU
		{24F32A7E-8992-43C4-BC8E-B2FF30E035FD}.Debug|Any CPU.Build.0 = Debug|Any CPU
		{24F32A7E-8992-43C4-BC8E-B2FF30E035FD}.Release|Any CPU.ActiveCfg = Release|Any CPU
		{24F32A7E-8992-43C4-BC8E-B2FF30E035FD}.Release|Any CPU.Build.0 = Release|Any CPU
		{949252CB-3E83-465D-B6DE-C5CF5EA0A6C2}.Debug|Any CPU.ActiveCfg = Debug|Any CPU
		{949252CB-3E83-465D-B6DE-C5CF5EA0A6C2}.Debug|Any CPU.Build.0 = Debug|Any CPU
		{949252CB-3E83-465D-B6DE-C5CF5EA0A6C2}.Release|Any CPU.ActiveCfg = Release|Any CPU
		{949252CB-3E83-465D-B6DE-C5CF5EA0A6C2}.Release|Any CPU.Build.0 = Release|Any CPU
		{4B7A560B-1F51-462C-8A77-22C8886DFA2D}.Debug|Any CPU.ActiveCfg = Debug|Any CPU
		{4B7A560B-1F51-462C-8A77-22C8886DFA2D}.Debug|Any CPU.Build.0 = Debug|Any CPU
		{4B7A560B-1F51-462C-8A77-22C8886DFA2D}.Release|Any CPU.ActiveCfg = Release|Any CPU
		{4B7A560B-1F51-462C-8A77-22C8886DFA2D}.Release|Any CPU.Build.0 = Release|Any CPU
		{0867878C-FB84-4BF4-8F48-0B8E56FAC6C6}.Debug|Any CPU.ActiveCfg = Debug|Any CPU
		{0867878C-FB84-4BF4-8F48-0B8E56FAC6C6}.Debug|Any CPU.Build.0 = Debug|Any CPU
		{0867878C-FB84-4BF4-8F48-0B8E56FAC6C6}.Release|Any CPU.ActiveCfg = Release|Any CPU
		{0867878C-FB84-4BF4-8F48-0B8E56FAC6C6}.Release|Any CPU.Build.0 = Release|Any CPU
		{F0523973-E1DD-4C8B-8196-390B0F04D83F}.Debug|Any CPU.ActiveCfg = Debug|Any CPU
		{F0523973-E1DD-4C8B-8196-390B0F04D83F}.Debug|Any CPU.Build.0 = Debug|Any CPU
		{F0523973-E1DD-4C8B-8196-390B0F04D83F}.Release|Any CPU.ActiveCfg = Release|Any CPU
		{F0523973-E1DD-4C8B-8196-390B0F04D83F}.Release|Any CPU.Build.0 = Release|Any CPU
		{7D9379C4-88E5-457C-8AB4-4D0DD462BD80}.Debug|Any CPU.ActiveCfg = Debug|Any CPU
		{7D9379C4-88E5-457C-8AB4-4D0DD462BD80}.Debug|Any CPU.Build.0 = Debug|Any CPU
		{7D9379C4-88E5-457C-8AB4-4D0DD462BD80}.Release|Any CPU.ActiveCfg = Release|Any CPU
		{7D9379C4-88E5-457C-8AB4-4D0DD462BD80}.Release|Any CPU.Build.0 = Release|Any CPU
		{6A6B54E3-EA14-4BE3-AA22-05989B7DCA1C}.Debug|Any CPU.ActiveCfg = Debug|Any CPU
		{6A6B54E3-EA14-4BE3-AA22-05989B7DCA1C}.Debug|Any CPU.Build.0 = Debug|Any CPU
		{6A6B54E3-EA14-4BE3-AA22-05989B7DCA1C}.Release|Any CPU.ActiveCfg = Release|Any CPU
		{6A6B54E3-EA14-4BE3-AA22-05989B7DCA1C}.Release|Any CPU.Build.0 = Release|Any CPU
		{8A395D3F-A536-4B26-A112-37160D41207B}.Debug|Any CPU.ActiveCfg = Debug|Any CPU
		{8A395D3F-A536-4B26-A112-37160D41207B}.Debug|Any CPU.Build.0 = Debug|Any CPU
		{8A395D3F-A536-4B26-A112-37160D41207B}.Release|Any CPU.ActiveCfg = Release|Any CPU
		{8A395D3F-A536-4B26-A112-37160D41207B}.Release|Any CPU.Build.0 = Release|Any CPU
		{F4D06CD0-1F7F-46FA-9E88-CAA53005B8DF}.Debug|Any CPU.ActiveCfg = Debug|Any CPU
		{F4D06CD0-1F7F-46FA-9E88-CAA53005B8DF}.Debug|Any CPU.Build.0 = Debug|Any CPU
		{F4D06CD0-1F7F-46FA-9E88-CAA53005B8DF}.Release|Any CPU.ActiveCfg = Release|Any CPU
		{F4D06CD0-1F7F-46FA-9E88-CAA53005B8DF}.Release|Any CPU.Build.0 = Release|Any CPU
		{69480788-3286-43ED-B53A-B4F64B45310F}.Debug|Any CPU.ActiveCfg = Debug|Any CPU
		{69480788-3286-43ED-B53A-B4F64B45310F}.Debug|Any CPU.Build.0 = Debug|Any CPU
		{69480788-3286-43ED-B53A-B4F64B45310F}.Release|Any CPU.ActiveCfg = Release|Any CPU
		{69480788-3286-43ED-B53A-B4F64B45310F}.Release|Any CPU.Build.0 = Release|Any CPU
	EndGlobalSection
	GlobalSection(SolutionProperties) = preSolution
		HideSolutionNode = FALSE
	EndGlobalSection
	GlobalSection(ExtensibilityGlobals) = postSolution
		SolutionGuid = {800796B5-A378-4C2F-95E4-0848D0D36087}
	EndGlobalSection
EndGlobal
